github.com/septagon-oss/pk-shared v0.1.1-0.20260720093335-6eed4dbf3254 h1:YPXDx+idQhaCeL5Jq3gvrNcP+Tg/gQElT30BfO2tT2A=
github.com/septagon-oss/pk-shared v0.1.1-0.20260720093335-6eed4dbf3254/go.mod h1:Rxlqz9xl3BNdwujKxuorJYefVu3kWBGs/qVxjHy1rTc=
github.com/septagon-oss/pk-shared v0.4.1-0.20260726184033-9b0c3221f900 h1:Ip8ITy3qlETkwoQWH1at9p6lmvlhjqJRESeBYXROvEM=
github.com/septagon-oss/pk-shared v0.4.1-0.20260726184033-9b0c3221f900/go.mod h1:R/AxKJlhfg4Knsy47nhHeikeKfHAKOdJ5M+8hLgCTXU=
